
Microsoft Visual Studio Solution File, Format Version 12.00
# Visual Studio Version 17
VisualStudioVersion = 17.1.32407.343
MinimumVisualStudioVersion = 10.0.40219.1
Project("{FAE04EC0-301F-11D3-BF4B-00C04F79EFBC}") = "Day-8Practice", "Day-8Practice.csproj", "{B3665F17-B9C6-410C-B91F-39E7D8977CF1}"
EndProject
Global
	GlobalSection(SolutionConfigurationPlatforms) = preSolution
		Debug|Any CPU = Debug|Any CPU
		Release|Any CPU = Release|Any CPU
	EndGlobalSection
	GlobalSection(ProjectConfigurationPlatforms) = postSolution
		{B3665F17-B9C6-410C-B91F-39E7D8977CF1}.Debug|Any CPU.ActiveCfg = Debug|Any CPU
		{B3665F17-B9C6-410C-B91F-39E7D8977CF1}.Debug|Any CPU.Build.0 = Debug|Any CPU
		{B3665F17-B9C6-410C-B91F-39E7D8977CF1}.Release|Any CPU.ActiveCfg = Release|Any CPU
		{B3665F17-B9C6-410C-B91F-39E7D8977CF1}.Release|Any CPU.Build.0 = Release|Any CPU
	EndGlobalSection
	GlobalSection(SolutionProperties) = preSolution
		HideSolutionNode = FALSE
	EndGlobalSection
	GlobalSection(ExtensibilityGlobals) = postSolution
		SolutionGuid = {8D95C849-3CAF-44D6-91C1-DCC85FD6E099}
	EndGlobalSection
EndGlobal
